// !$*UTF8*$!
{
	archiveVersion = 1;
	classes = {
	};
	objectVersion = 50;
	objects = {

/* Begin PBXBuildFile section */
		C2494ABA237E735B0020522B /* AppDelegate.swift in Sources */ = {isa = PBXBuildFile; fileRef = C2494AB9237E735B0020522B /* AppDelegate.swift */; };
		C2494ABE237E735B0020522B /* ContentView.swift in Sources */ = {isa = PBXBuildFile; fileRef = C2494ABD237E735B0020522B /* ContentView.swift */; };
		C2494AC0237E735C0020522B /* Assets.xcassets in Resources */ = {isa = PBXBuildFile; fileRef = C2494ABF237E735C0020522B /* Assets.xcassets */; };
		C2494AC3237E735C0020522B /* Preview Assets.xcassets in Resources */ = {isa = PBXBuildFile; fileRef = C2494AC2237E735C0020522B /* Preview Assets.xcassets */; };
		C2494AD1237E735C0020522B /* Assignment1Tests.swift in Sources */ = {isa = PBXBuildFile; fileRef = C2494AD0237E735C0020522B /* Assignment1Tests.swift */; };
		C2494ADC237E735C0020522B /* Assignment1UITests.swift in Sources */ = {isa = PBXBuildFile; fileRef = C2494ADB237E735C0020522B /* Assignment1UITests.swift */; };
		C2494AF5237E75F10020522B /* Main.storyboard in Resources */ = {isa = PBXBuildFile; fileRef = C2494AF4237E75F10020522B /* Main.storyboard */; };
		C2494AF7237E76B20020522B /* UserInfo.swift in Sources */ = {isa = PBXBuildFile; fileRef = C2494AF6237E76B20020522B /* UserInfo.swift */; };
		C2494AFA237E77A70020522B /* MockedData.swift in Sources */ = {isa = PBXBuildFile; fileRef = C2494AF9237E77A70020522B /* MockedData.swift */; };
		C2494AFD237E80210020522B /* UserTableViewCell.swift in Sources */ = {isa = PBXBuildFile; fileRef = C2494AFC237E80210020522B /* UserTableViewCell.swift */; };
		C2494AFF237E85720020522B /* UsersLisViewControllert.swift in Sources */ = {isa = PBXBuildFile; fileRef = C2494AFE237E85720020522B /* UsersLisViewControllert.swift */; };
/* End PBXBuildFile section */

/* Begin PBXContainerItemProxy section */
		C2494ACD237E735C0020522B /* PBXContainerItemProxy */ = {
			isa = PBXContainerItemProxy;
			containerPortal = C2494AAE237E735B0020522B /* Project object */;
			proxyType = 1;
			remoteGlobalIDString = C2494AB5237E735B0020522B;
			remoteInfo = Assignment1;
		};
		C2494AD8237E735C0020522B /* PBXContainerItemProxy */ = {
			isa = PBXContainerItemProxy;
			containerPortal = C2494AAE237E735B0020522B /* Project object */;
			proxyType = 1;
			remoteGlobalIDString = C2494AB5237E735B0020522B;
			remoteInfo = Assignment1;
		};
/* End PBXContainerItemProxy section */

/* Begin PBXFileReference section */
		C2494AB6237E735B0020522B /* Assignment1.app */ = {isa = PBXFileReference; explicitFileType = wrapper.application; includeInIndex = 0; path = Assignment1.app; sourceTree = BUILT_PRODUCTS_DIR; };
		C2494AB9237E735B0020522B /* AppDelegate.swift */ = {isa = PBXFileReference; lastKnownFileType = sourcecode.swift; path = AppDelegate.swift; sourceTree = "<group>"; };
		C2494ABD237E735B0020522B /* ContentView.swift */ = {isa = PBXFileReference; lastKnownFileType = sourcecode.swift; path = ContentView.swift; sourceTree = "<group>"; };
		C2494ABF237E735C0020522B /* Assets.xcassets */ = {isa = PBXFileReference; lastKnownFileType = folder.assetcatalog; path = Assets.xcassets; sourceTree = "<group>"; };
		C2494AC2237E735C0020522B /* Preview Assets.xcassets */ = {isa = PBXFileReference; lastKnownFileType = folder.assetcatalog; path = "Preview Assets.xcassets"; sourceTree = "<group>"; };
		C2494AC7237E735C0020522B /* Info.plist */ = {isa = PBXFileReference; lastKnownFileType = text.plist.xml; path = Info.plist; sourceTree = "<group>"; };
		C2494ACC237E735C0020522B /* Assignment1Tests.xctest */ = {isa = PBXFileReference; explicitFileType = wrapper.cfbundle; includeInIndex = 0; path = Assignment1Tests.xctest; sourceTree = BUILT_PRODUCTS_DIR; };
		C2494AD0237E735C0020522B /* Assignment1Tests.swift */ = {isa = PBXFileReference; lastKnownFileType = sourcecode.swift; path = Assignment1Tests.swift; sourceTree = "<group>"; };
		C2494AD2237E735C0020522B /* Info.plist */ = {isa = PBXFileReference; lastKnownFileType = text.plist.xml; path = Info.plist; sourceTree = "<group>"; };
		C2494AD7237E735C0020522B /* Assignment1UITests.xctest */ = {isa = PBXFileReference; explicitFileType = wrapper.cfbundle; includeInIndex = 0; path = Assignment1UITests.xctest; sourceTree = BUILT_PRODUCTS_DIR; };
		C2494ADB237E735C0020522B /* Assignment1UITests.swift */ = {isa = PBXFileReference; lastKnownFileType = sourcecode.swift; path = Assignment1UITests.swift; sourceTree = "<group>"; };
		C2494ADD237E735C0020522B /* Info.plist */ = {isa = PBXFileReference; lastKnownFileType = text.plist.xml; path = Info.plist; sourceTree = "<group>"; };
		C2494AF4237E75F10020522B /* Main.storyboard */ = {isa = PBXFileReference; lastKnownFileType = file.storyboard; path = Main.storyboard; sourceTree = "<group>"; };
		C2494AF6237E76B20020522B /* UserInfo.swift */ = {isa = PBXFileReference; lastKnownFileType = sourcecode.swift; path = UserInfo.swift; sourceTree = "<group>"; };
		C2494AF9237E77A70020522B /* MockedData.swift */ = {isa = PBXFileReference; lastKnownFileType = sourcecode.swift; path = MockedData.swift; sourceTree = "<group>"; };
		C2494AFC237E80210020522B /* UserTableViewCell.swift */ = {isa = PBXFileReference; lastKnownFileType = sourcecode.swift; path = UserTableViewCell.swift; sourceTree = "<group>"; };
		C2494AFE237E85720020522B /* UsersLisViewControllert.swift */ = {isa = PBXFileReference; lastKnownFileType = sourcecode.swift; path = UsersLisViewControllert.swift; sourceTree = "<group>"; };
/* End PBXFileReference section */

/* Begin PBXFrameworksBuildPhase section */
		C2494AB3237E735B0020522B /* Frameworks */ = {
			isa = PBXFrameworksBuildPhase;
			buildActionMask = 2147483647;
			files = (
			);
			runOnlyForDeploymentPostprocessing = 0;
		};
		C2494AC9237E735C0020522B /* Frameworks */ = {
			isa = PBXFrameworksBuildPhase;
			buildActionMask = 2147483647;
			files = (
			);
			runOnlyForDeploymentPostprocessing = 0;
		};
		C2494AD4237E735C0020522B /* Frameworks */ = {
			isa = PBXFrameworksBuildPhase;
			buildActionMask = 2147483647;
			files = (
			);
			runOnlyForDeploymentPostprocessing = 0;
		};
/* End PBXFrameworksBuildPhase section */

/* Begin PBXGroup section */
		C2494AAD237E735B0020522B = {
			isa = PBXGroup;
			children = (
				C2494AB8237E735B0020522B /* Assignment1 */,
				C2494ACF237E735C0020522B /* Assignment1Tests */,
				C2494ADA237E735C0020522B /* Assignment1UITests */,
				C2494AB7237E735B0020522B /* Products */,
			);
			sourceTree = "<group>";
		};
		C2494AB7237E735B0020522B /* Products */ = {
			isa = PBXGroup;
			children = (
				C2494AB6237E735B0020522B /* Assignment1.app */,
				C2494ACC237E735C0020522B /* Assignment1Tests.xctest */,
				C2494AD7237E735C0020522B /* Assignment1UITests.xctest */,
			);
			name = Products;
			sourceTree = "<group>";
		};
		C2494AB8237E735B0020522B /* Assignment1 */ = {
			isa = PBXGroup;
			children = (
				C2494AF8237E77860020522B /* Dao */,
				C2494AF2237E74620020522B /* Controller */,
				C2494AF1237E74550020522B /* AppDelegate */,
				C2494AF0237E74460020522B /* Models */,
				C2494AEF237E74180020522B /* TableViewCell */,
				C2494AEE237E74090020522B /* Utils */,
				C2494AED237E73FD0020522B /* Views */,
				C2494AEC237E73F10020522B /* Resources */,
				C2494AEB237E73D00020522B /* Storyboard */,
				C2494AEA237E73BA0020522B /* Extensions */,
				C2494AE9237E73A40020522B /* Delegates */,
				C2494ABD237E735B0020522B /* ContentView.swift */,
				C2494AC7237E735C0020522B /* Info.plist */,
				C2494AC1237E735C0020522B /* Preview Content */,
			);
			path = Assignment1;
			sourceTree = "<group>";
		};
		C2494AC1237E735C0020522B /* Preview Content */ = {
			isa = PBXGroup;
			children = (
				C2494AC2237E735C0020522B /* Preview Assets.xcassets */,
			);
			path = "Preview Content";
			sourceTree = "<group>";
		};
		C2494ACF237E735C0020522B /* Assignment1Tests */ = {
			isa = PBXGroup;
			children = (
				C2494AD0237E735C0020522B /* Assignment1Tests.swift */,
				C2494AD2237E735C0020522B /* Info.plist */,
			);
			path = Assignment1Tests;
			sourceTree = "<group>";
		};
		C2494ADA237E735C0020522B /* Assignment1UITests */ = {
			isa = PBXGroup;
			children = (
				C2494ADB237E735C0020522B /* Assignment1UITests.swift */,
				C2494ADD237E735C0020522B /* Info.plist */,
			);
			path = Assignment1UITests;
			sourceTree = "<group>";
		};
		C2494AE9237E73A40020522B /* Delegates */ = {
			isa = PBXGroup;
			children = (
			);
			path = Delegates;
			sourceTree = "<group>";
		};
		C2494AEA237E73BA0020522B /* Extensions */ = {
			isa = PBXGroup;
			children = (
			);
			path = Extensions;
			sourceTree = "<group>";
		};
		C2494AEB237E73D00020522B /* Storyboard */ = {
			isa = PBXGroup;
			children = (
				C2494AF4237E75F10020522B /* Main.storyboard */,
			);
			path = Storyboard;
			sourceTree = "<group>";
		};
		C2494AEC237E73F10020522B /* Resources */ = {
			isa = PBXGroup;
			children = (
				C2494ABF237E735C0020522B /* Assets.xcassets */,
				C2494AF3237E74B70020522B /* Images */,
			);
			name = Resources;
			sourceTree = "<group>";
		};
		C2494AED237E73FD0020522B /* Views */ = {
			isa = PBXGroup;
			children = (
				C2494AFB237E7F2D0020522B /* Cells */,
			);
			path = Views;
			sourceTree = "<group>";
		};
		C2494AEE237E74090020522B /* Utils */ = {
			isa = PBXGroup;
			children = (
			);
			path = Utils;
			sourceTree = "<group>";
		};
		C2494AEF237E74180020522B /* TableViewCell */ = {
			isa = PBXGroup;
			children = (
			);
			path = TableViewCell;
			sourceTree = "<group>";
		};
		C2494AF0237E74460020522B /* Models */ = {
			isa = PBXGroup;
			children = (
				C2494AF6237E76B20020522B /* UserInfo.swift */,
			);
			path = Models;
			sourceTree = "<group>";
		};
		C2494AF1237E74550020522B /* AppDelegate */ = {
			isa = PBXGroup;
			children = (
				C2494AB9237E735B0020522B /* AppDelegate.swift */,
			);
			path = AppDelegate;
			sourceTree = "<group>";
		};
		C2494AF2237E74620020522B /* Controller */ = {
			isa = PBXGroup;
			children = (
				C2494AFE237E85720020522B /* UsersLisViewControllert.swift */,
			);
			path = Controller;
			sourceTree = "<group>";
		};
		C2494AF3237E74B70020522B /* Images */ = {
			isa = PBXGroup;
			children = (
			);
			name = Images;
			sourceTree = "<group>";
		};
		C2494AF8237E77860020522B /* Dao */ = {
			isa = PBXGroup;
			children = (
				C2494AF9237E77A70020522B /* MockedData.swift */,
			);
			path = Dao;
			sourceTree = "<group>";
		};
		C2494AFB237E7F2D0020522B /* Cells */ = {
			isa = PBXGroup;
			children = (
				C2494AFC237E80210020522B /* UserTableViewCell.swift */,
			);
			path = Cells;
			sourceTree = "<group>";
		};
/* End PBXGroup section */

/* Begin PBXNativeTarget section */
		C2494AB5237E735B0020522B /* Assignment1 */ = {
			isa = PBXNativeTarget;
			buildConfigurationList = C2494AE0237E735C0020522B /* Build configuration list for PBXNativeTarget "Assignment1" */;
			buildPhases = (
				C2494AB2237E735B0020522B /* Sources */,
				C2494AB3237E735B0020522B /* Frameworks */,
				C2494AB4237E735B0020522B /* Resources */,
			);
			buildRules = (
			);
			dependencies = (
			);
			name = Assignment1;
			productName = Assignment1;
			productReference = C2494AB6237E735B0020522B /* Assignment1.app */;
			productType = "com.apple.product-type.application";
		};
		C2494ACB237E735C0020522B /* Assignment1Tests */ = {
			isa = PBXNativeTarget;
			buildConfigurationList = C2494AE3237E735C0020522B /* Build configuration list for PBXNativeTarget "Assignment1Tests" */;
			buildPhases = (
				C2494AC8237E735C0020522B /* Sources */,
				C2494AC9237E735C0020522B /* Frameworks */,
				C2494ACA237E735C0020522B /* Resources */,
			);
			buildRules = (
			);
			dependencies = (
				C2494ACE237E735C0020522B /* PBXTargetDependency */,
			);
			name = Assignment1Tests;
			productName = Assignment1Tests;
			productReference = C2494ACC237E735C0020522B /* Assignment1Tests.xctest */;
			productType = "com.apple.product-type.bundle.unit-test";
		};
		C2494AD6237E735C0020522B /* Assignment1UITests */ = {
			isa = PBXNativeTarget;
			buildConfigurationList = C2494AE6237E735C0020522B /* Build configuration list for PBXNativeTarget "Assignment1UITests" */;
			buildPhases = (
				C2494AD3237E735C0020522B /* Sources */,
				C2494AD4237E735C0020522B /* Frameworks */,
				C2494AD5237E735C0020522B /* Resources */,
			);
			buildRules = (
			);
			dependencies = (
				C2494AD9237E735C0020522B /* PBXTargetDependency */,
			);
			name = Assignment1UITests;
			productName = Assignment1UITests;
			productReference = C2494AD7237E735C0020522B /* Assignment1UITests.xctest */;
			productType = "com.apple.product-type.bundle.ui-testing";
		};
/* End PBXNativeTarget section */

/* Begin PBXProject section */
		C2494AAE237E735B0020522B /* Project object */ = {
			isa = PBXProject;
			attributes = {
				LastSwiftUpdateCheck = 1100;
				LastUpgradeCheck = 1100;
				ORGANIZATIONNAME = "TK-LPT-0142";
				TargetAttributes = {
					C2494AB5237E735B0020522B = {
						CreatedOnToolsVersion = 11.0;
					};
					C2494ACB237E735C0020522B = {
						CreatedOnToolsVersion = 11.0;
						TestTargetID = C2494AB5237E735B0020522B;
					};
					C2494AD6237E735C0020522B = {
						CreatedOnToolsVersion = 11.0;
						TestTargetID = C2494AB5237E735B0020522B;
					};
				};
			};
			buildConfigurationList = C2494AB1237E735B0020522B /* Build configuration list for PBXProject "Assignment1" */;
			compatibilityVersion = "Xcode 9.3";
			developmentRegion = en;
			hasScannedForEncodings = 0;
			knownRegions = (
				en,
				Base,
			);
			mainGroup = C2494AAD237E735B0020522B;
			productRefGroup = C2494AB7237E735B0020522B /* Products */;
			projectDirPath = "";
			projectRoot = "";
			targets = (
				C2494AB5237E735B0020522B /* Assignment1 */,
				C2494ACB237E735C0020522B /* Assignment1Tests */,
				C2494AD6237E735C0020522B /* Assignment1UITests */,
			);
		};
/* End PBXProject section */

/* Begin PBXResourcesBuildPhase section */
		C2494AB4237E735B0020522B /* Resources */ = {
			isa = PBXResourcesBuildPhase;
			buildActionMask = 2147483647;
			files = (
				C2494AF5237E75F10020522B /* Main.storyboard in Resources */,
				C2494AC3237E735C0020522B /* Preview Assets.xcassets in Resources */,
				C2494AC0237E735C0020522B /* Assets.xcassets in Resources */,
			);
			runOnlyForDeploymentPostprocessing = 0;
		};
		C2494ACA237E735C0020522B /* Resources */ = {
			isa = PBXResourcesBuildPhase;
			buildActionMask = 2147483647;
			files = (
			);
			runOnlyForDeploymentPostprocessing = 0;
		};
		C2494AD5237E735C0020522B /* Resources */ = {
			isa = PBXResourcesBuildPhase;
			buildActionMask = 2147483647;
			files = (
			);
			runOnlyForDeploymentPostprocessing = 0;
		};
/* End PBXResourcesBuildPhase section */

/* Begin PBXSourcesBuildPhase section */
		C2494AB2237E735B0020522B /* Sources */ = {
			isa = PBXSourcesBuildPhase;
			buildActionMask = 2147483647;
			files = (
				C2494AFA237E77A70020522B /* MockedData.swift in Sources */,
				C2494AF7237E76B20020522B /* UserInfo.swift in Sources */,
				C2494ABA237E735B0020522B /* AppDelegate.swift in Sources */,
				C2494AFF237E85720020522B /* UsersLisViewControllert.swift in Sources */,
				C2494AFD237E80210020522B /* UserTableViewCell.swift in Sources */,
				C2494ABE237E735B0020522B /* ContentView.swift in Sources */,
			);
			runOnlyForDeploymentPostprocessing = 0;
		};
		C2494AC8237E735C0020522B /* Sources */ = {
			isa = PBXSourcesBuildPhase;
			buildActionMask = 2147483647;
			files = (
				C2494AD1237E735C0020522B /* Assignment1Tests.swift in Sources */,
			);
			runOnlyForDeploymentPostprocessing = 0;
		};
		C2494AD3237E735C0020522B /* Sources */ = {
			isa = PBXSourcesBuildPhase;
			buildActionMask = 2147483647;
			files = (
				C2494ADC237E735C0020522B /* Assignment1UITests.swift in Sources */,
			);
			runOnlyForDeploymentPostprocessing = 0;
		};
/* End PBXSourcesBuildPhase section */

/* Begin PBXTargetDependency section */
		C2494ACE237E735C0020522B /* PBXTargetDependency */ = {
			isa = PBXTargetDependency;
			target = C2494AB5237E735B0020522B /* Assignment1 */;
			targetProxy = C2494ACD237E735C0020522B /* PBXContainerItemProxy */;
		};
		C2494AD9237E735C0020522B /* PBXTargetDependency */ = {
			isa = PBXTargetDependency;
			target = C2494AB5237E735B0020522B /* Assignment1 */;
			targetProxy = C2494AD8237E735C0020522B /* PBXContainerItemProxy */;
		};
/* End PBXTargetDependency section */

/* Begin XCBuildConfiguration section */
		C2494ADE237E735C0020522B /* Debug */ = {
			isa = XCBuildConfiguration;
			buildSettings = {
				ALWAYS_SEARCH_USER_PATHS = NO;
				CLANG_ANALYZER_NONNULL = YES;
				CLANG_ANALYZER_NUMBER_OBJECT_CONVERSION = YES_AGGRESSIVE;
				CLANG_CXX_LANGUAGE_STANDARD = "gnu++14";
				CLANG_CXX_LIBRARY = "libc++";
				CLANG_ENABLE_MODULES = YES;
				CLANG_ENABLE_OBJC_ARC = YES;
				CLANG_ENABLE_OBJC_WEAK = YES;
				CLANG_WARN_BLOCK_CAPTURE_AUTORELEASING = YES;
				CLANG_WARN_BOOL_CONVERSION = YES;
				CLANG_WARN_COMMA = YES;
				CLANG_WARN_CONSTANT_CONVERSION = YES;
				CLANG_WARN_DEPRECATED_OBJC_IMPLEMENTATIONS = YES;
				CLANG_WARN_DIRECT_OBJC_ISA_USAGE = YES_ERROR;
				CLANG_WARN_DOCUMENTATION_COMMENTS = YES;
				CLANG_WARN_EMPTY_BODY = YES;
				CLANG_WARN_ENUM_CONVERSION = YES;
				CLANG_WARN_INFINITE_RECURSION = YES;
				CLANG_WARN_INT_CONVERSION = YES;
				CLANG_WARN_NON_LITERAL_NULL_CONVERSION = YES;
				CLANG_WARN_OBJC_IMPLICIT_RETAIN_SELF = YES;
				CLANG_WARN_OBJC_LITERAL_CONVERSION = YES;
				CLANG_WARN_OBJC_ROOT_CLASS = YES_ERROR;
				CLANG_WARN_RANGE_LOOP_ANALYSIS = YES;
				CLANG_WARN_STRICT_PROTOTYPES = YES;
				CLANG_WARN_SUSPICIOUS_MOVE = YES;
				CLANG_WARN_UNGUARDED_AVAILABILITY = YES_AGGRESSIVE;
				CLANG_WARN_UNREACHABLE_CODE = YES;
				CLANG_WARN__DUPLICATE_METHOD_MATCH = YES;
				COPY_PHASE_STRIP = NO;
				DEBUG_INFORMATION_FORMAT = dwarf;
				ENABLE_STRICT_OBJC_MSGSEND = YES;
				ENABLE_TESTABILITY = YES;
				GCC_C_LANGUAGE_STANDARD = gnu11;
				GCC_DYNAMIC_NO_PIC = NO;
				GCC_NO_COMMON_BLOCKS = YES;
				GCC_OPTIMIZATION_LEVEL = 0;
				GCC_PREPROCESSOR_DEFINITIONS = (
					"DEBUG=1",
					"$(inherited)",
				);
				GCC_WARN_64_TO_32_BIT_CONVERSION = YES;
				GCC_WARN_ABOUT_RETURN_TYPE = YES_ERROR;
				GCC_WARN_UNDECLARED_SELECTOR = YES;
				GCC_WARN_UNINITIALIZED_AUTOS = YES_AGGRESSIVE;
				GCC_WARN_UNUSED_FUNCTION = YES;
				GCC_WARN_UNUSED_VARIABLE = YES;
				IPHONEOS_DEPLOYMENT_TARGET = 13.0;
				MTL_ENABLE_DEBUG_INFO = INCLUDE_SOURCE;
				MTL_FAST_MATH = YES;
				ONLY_ACTIVE_ARCH = YES;
				SDKROOT = iphoneos;
				SWIFT_ACTIVE_COMPILATION_CONDITIONS = DEBUG;
				SWIFT_OPTIMIZATION_LEVEL = "-Onone";
			};
			name = Debug;
		};
		C2494ADF237E735C0020522B /* Release */ = {
			isa = XCBuildConfiguration;
			buildSettings = {
				ALWAYS_SEARCH_USER_PATHS = NO;
				CLANG_ANALYZER_NONNULL = YES;
				CLANG_ANALYZER_NUMBER_OBJECT_CONVERSION = YES_AGGRESSIVE;
				CLANG_CXX_LANGUAGE_STANDARD = "gnu++14";
				CLANG_CXX_LIBRARY = "libc++";
				CLANG_ENABLE_MODULES = YES;
				CLANG_ENABLE_OBJC_ARC = YES;
				CLANG_ENABLE_OBJC_WEAK = YES;
				CLANG_WARN_BLOCK_CAPTURE_AUTORELEASING = YES;
				CLANG_WARN_BOOL_CONVERSION = YES;
				CLANG_WARN_COMMA = YES;
				CLANG_WARN_CONSTANT_CONVERSION = YES;
				CLANG_WARN_DEPRECATED_OBJC_IMPLEMENTATIONS = YES;
				CLANG_WARN_DIRECT_OBJC_ISA_USAGE = YES_ERROR;
				CLANG_WARN_DOCUMENTATION_COMMENTS = YES;
				CLANG_WARN_EMPTY_BODY = YES;
				CLANG_WARN_ENUM_CONVERSION = YES;
				CLANG_WARN_INFINITE_RECURSION = YES;
				CLANG_WARN_INT_CONVERSION = YES;
				CLANG_WARN_NON_LITERAL_NULL_CONVERSION = YES;
				CLANG_WARN_OBJC_IMPLICIT_RETAIN_SELF = YES;
				CLANG_WARN_OBJC_LITERAL_CONVERSION = YES;
				CLANG_WARN_OBJC_ROOT_CLASS = YES_ERROR;
				CLANG_WARN_RANGE_LOOP_ANALYSIS = YES;
				CLANG_WARN_STRICT_PROTOTYPES = YES;
				CLANG_WARN_SUSPICIOUS_MOVE = YES;
				CLANG_WARN_UNGUARDED_AVAILABILITY = YES_AGGRESSIVE;
				CLANG_WARN_UNREACHABLE_CODE = YES;
				CLANG_WARN__DUPLICATE_METHOD_MATCH = YES;
				COPY_PHASE_STRIP = NO;
				DEBUG_INFORMATION_FORMAT = "dwarf-with-dsym";
				ENABLE_NS_ASSERTIONS = NO;
				ENABLE_STRICT_OBJC_MSGSEND = YES;
				GCC_C_LANGUAGE_STANDARD = gnu11;
				GCC_NO_COMMON_BLOCKS = YES;
				GCC_WARN_64_TO_32_BIT_CONVERSION = YES;
				GCC_WARN_ABOUT_RETURN_TYPE = YES_ERROR;
				GCC_WARN_UNDECLARED_SELECTOR = YES;
				GCC_WARN_UNINITIALIZED_AUTOS = YES_AGGRESSIVE;
				GCC_WARN_UNUSED_FUNCTION = YES;
				GCC_WARN_UNUSED_VARIABLE = YES;
				IPHONEOS_DEPLOYMENT_TARGET = 13.0;
				MTL_ENABLE_DEBUG_INFO = NO;
				MTL_FAST_MATH = YES;
				SDKROOT = iphoneos;
				SWIFT_COMPILATION_MODE = wholemodule;
				SWIFT_OPTIMIZATION_LEVEL = "-O";
				VALIDATE_PRODUCT = YES;
			};
			name = Release;
		};
		C2494AE1237E735C0020522B /* Debug */ = {
			isa = XCBuildConfiguration;
			buildSettings = {
				ASSETCATALOG_COMPILER_APPICON_NAME = AppIcon;
				CODE_SIGN_STYLE = Automatic;
				DEVELOPMENT_ASSET_PATHS = "\"Assignment1/Preview Content\"";
				ENABLE_PREVIEWS = YES;
				INFOPLIST_FILE = Assignment1/Info.plist;
				LD_RUNPATH_SEARCH_PATHS = (
					"$(inherited)",
					"@executable_path/Frameworks",
				);
				PRODUCT_BUNDLE_IDENTIFIER = com.assignment1.Assignment1;
				PRODUCT_NAME = "$(TARGET_NAME)";
				SWIFT_VERSION = 5.0;
				TARGETED_DEVICE_FAMILY = "1,2";
			};
			name = Debug;
		};
		C2494AE2237E735C0020522B /* Release */ = {
			isa = XCBuildConfiguration;
			buildSettings = {
				ASSETCATALOG_COMPILER_APPICON_NAME = AppIcon;
				CODE_SIGN_STYLE = Automatic;
				DEVELOPMENT_ASSET_PATHS = "\"Assignment1/Preview Content\"";
				ENABLE_PREVIEWS = YES;
				INFOPLIST_FILE = Assignment1/Info.plist;
				LD_RUNPATH_SEARCH_PATHS = (
					"$(inherited)",
					"@executable_path/Frameworks",
				);
				PRODUCT_BUNDLE_IDENTIFIER = com.assignment1.Assignment1;
				PRODUCT_NAME = "$(TARGET_NAME)";
				SWIFT_VERSION = 5.0;
				TARGETED_DEVICE_FAMILY = "1,2";
			};
			name = Release;
		};
		C2494AE4237E735C0020522B /* Debug */ = {
			isa = XCBuildConfiguration;
			buildSettings = {
				ALWAYS_EMBED_SWIFT_STANDARD_LIBRARIES = YES;
				BUNDLE_LOADER = "$(TEST_HOST)";
				CODE_SIGN_STYLE = Automatic;
				INFOPLIST_FILE = Assignment1Tests/Info.plist;
				IPHONEOS_DEPLOYMENT_TARGET = 13.0;
				LD_RUNPATH_SEARCH_PATHS = (
					"$(inherited)",
					"@executable_path/Frameworks",
					"@loader_path/Frameworks",
				);
				PRODUCT_BUNDLE_IDENTIFIER = com.assignment1.Assignment1Tests;
				PRODUCT_NAME = "$(TARGET_NAME)";
				SWIFT_VERSION = 5.0;
				TARGETED_DEVICE_FAMILY = "1,2";
				TEST_HOST = "$(BUILT_PRODUCTS_DIR)/Assignment1.app/Assignment1";
			};
			name = Debug;
		};
		C2494AE5237E735C0020522B /* Release */ = {
			isa = XCBuildConfiguration;
			buildSettings = {
				ALWAYS_EMBED_SWIFT_STANDARD_LIBRARIES = YES;
				BUNDLE_LOADER = "$(TEST_HOST)";
				CODE_SIGN_STYLE = Automatic;
				INFOPLIST_FILE = Assignment1Tests/Info.plist;
				IPHONEOS_DEPLOYMENT_TARGET = 13.0;
				LD_RUNPATH_SEARCH_PATHS = (
					"$(inherited)",
					"@executable_path/Frameworks",
					"@loader_path/Frameworks",
				);
				PRODUCT_BUNDLE_IDENTIFIER = com.assignment1.Assignment1Tests;
				PRODUCT_NAME = "$(TARGET_NAME)";
				SWIFT_VERSION = 5.0;
				TARGETED_DEVICE_FAMILY = "1,2";
				TEST_HOST = "$(BUILT_PRODUCTS_DIR)/Assignment1.app/Assignment1";
			};
			name = Release;
		};
		C2494AE7237E735C0020522B /* Debug */ = {
			isa = XCBuildConfiguration;
			buildSettings = {
				ALWAYS_EMBED_SWIFT_STANDARD_LIBRARIES = YES;
				CODE_SIGN_STYLE = Automatic;
				INFOPLIST_FILE = Assignment1UITests/Info.plist;
				LD_RUNPATH_SEARCH_PATHS = (
					"$(inherited)",
					"@executable_path/Frameworks",
					"@loader_path/Frameworks",
				);
				PRODUCT_BUNDLE_IDENTIFIER = com.assignment1.Assignment1UITests;
				PRODUCT_NAME = "$(TARGET_NAME)";
				SWIFT_VERSION = 5.0;
				TARGETED_DEVICE_FAMILY = "1,2";
				TEST_TARGET_NAME = Assignment1;
			};
			name = Debug;
		};
		C2494AE8237E735C0020522B /* Release */ = {
			isa = XCBuildConfiguration;
			buildSettings = {
				ALWAYS_EMBED_SWIFT_STANDARD_LIBRARIES = YES;
				CODE_SIGN_STYLE = Automatic;
				INFOPLIST_FILE = Assignment1UITests/Info.plist;
				LD_RUNPATH_SEARCH_PATHS = (
					"$(inherited)",
					"@executable_path/Frameworks",
					"@loader_path/Frameworks",
				);
				PRODUCT_BUNDLE_IDENTIFIER = com.assignment1.Assignment1UITests;
				PRODUCT_NAME = "$(TARGET_NAME)";
				SWIFT_VERSION = 5.0;
				TARGETED_DEVICE_FAMILY = "1,2";
				TEST_TARGET_NAME = Assignment1;
			};
			name = Release;
		};
/* End XCBuildConfiguration section */

/* Begin XCConfigurationList section */
		C2494AB1237E735B0020522B /* Build configuration list for PBXProject "Assignment1" */ = {
			isa = XCConfigurationList;
			buildConfigurations = (
				C2494ADE237E735C0020522B /* Debug */,
				C2494ADF237E735C0020522B /* Release */,
			);
			defaultConfigurationIsVisible = 0;
			defaultConfigurationName = Release;
		};
		C2494AE0237E735C0020522B /* Build configuration list for PBXNativeTarget "Assignment1" */ = {
			isa = XCConfigurationList;
			buildConfigurations = (
				C2494AE1237E735C0020522B /* Debug */,
				C2494AE2237E735C0020522B /* Release */,
			);
			defaultConfigurationIsVisible = 0;
			defaultConfigurationName = Release;
		};
		C2494AE3237E735C0020522B /* Build configuration list for PBXNativeTarget "Assignment1Tests" */ = {
			isa = XCConfigurationList;
			buildConfigurations = (
				C2494AE4237E735C0020522B /* Debug */,
				C2494AE5237E735C0020522B /* Release */,
			);
			defaultConfigurationIsVisible = 0;
			defaultConfigurationName = Release;
		};
		C2494AE6237E735C0020522B /* Build configuration list for PBXNativeTarget "Assignment1UITests" */ = {
			isa = XCConfigurationList;
			buildConfigurations = (
				C2494AE7237E735C0020522B /* Debug */,
				C2494AE8237E735C0020522B /* Release */,
			);
			defaultConfigurationIsVisible = 0;
			defaultConfigurationName = Release;
		};
/* End XCConfigurationList section */
	};
	rootObject = C2494AAE237E735B0020522B /* Project object */;
}
